
Microsoft Visual Studio Solution File, Format Version 12.00
# Visual Studio Version 17
VisualStudioVersion = 17.13.35828.75 d17.13
MinimumVisualStudioVersion = 10.0.40219.1
Project("{FAE04EC0-301F-11D3-BF4B-00C04F79EFBC}") = "CarRentalFrontEnd", "CarRentalFrontEnd\CarRentalFrontEnd.csproj", "{8B6DD6A8-05D5-4649-9470-A11EEA4AB8A8}"
EndProject
Global
	GlobalSection(SolutionConfigurationPlatforms) = preSolution
		Debug|Any CPU = Debug|Any CPU
		Release|Any CPU = Release|Any CPU
	EndGlobalSection
	GlobalSection(ProjectConfigurationPlatforms) = postSolution
		{8B6DD6A8-05D5-4649-9470-A11EEA4AB8A8}.Debug|Any CPU.ActiveCfg = Debug|Any CPU
		{8B6DD6A8-05D5-4649-9470-A11EEA4AB8A8}.Debug|Any CPU.Build.0 = Debug|Any CPU
		{8B6DD6A8-05D5-4649-9470-A11EEA4AB8A8}.Release|Any CPU.ActiveCfg = Release|Any CPU
		{8B6DD6A8-05D5-4649-9470-A11EEA4AB8A8}.Release|Any CPU.Build.0 = Release|Any CPU
	EndGlobalSection
	GlobalSection(SolutionProperties) = preSolution
		HideSolutionNode = FALSE
	EndGlobalSection
	GlobalSection(ExtensibilityGlobals) = postSolution
		SolutionGuid = {4D3509E8-E3C9-4139-854D-7275435BC6B5}
	EndGlobalSection
EndGlobal
